PackratFormat: 1.3
PackratVersion: 0.3.0
RVersion: 3.1.0
Repos: CRAN=http://cran.rstudio.com,
    CRANextra=http://www.stats.ox.ac.uk/pub/RWin

Package: digest
Source: CRAN
Version: 0.6.4

Package: evaluate
Source: CRAN
Version: 0.5.5
Requires: stringr

Package: formatR
Source: CRAN
Version: 0.10

Package: highr
Source: CRAN
Version: 0.3

Package: htmltools
Source: CRAN
Version: 0.2.4
Requires: digest

Package: knitr
Source: CRAN
Version: 1.6
Requires: digest, evaluate, formatR, highr, markdown, stringr

Package: markdown
Source: CRAN
Version: 0.7
Requires: mime

Package: mime
Source: CRAN
Version: 0.1.1

Package: packrat
Source: github
Version: 0.3.0
GithubRepo: packrat
GithubUsername: rstudio
GithubRef: master
GithubSha1: c17b462ed00051d7e5cb2244e68fcb6a6b8fe073

Package: rmarkdown
Source: github
Version: 0.2.49
Requires: htmltools, knitr, yaml
GithubRepo: rmarkdown
GithubUsername: rstudio
GithubRef: master
GithubSha1: f4a8326cd1abb349d6959f20fdb01f1aac729746

Package: stringr
Source: CRAN
Version: 0.6.2

Package: yaml
Source: CRAN
Version: 2.1.13
